// !$*UTF8*$!
{
	archiveVersion = 1;
	classes = {
	};
	objectVersion = 55;
	objects = {

/* Begin PBXBuildFile section */
		FF7021212B504B4A00743DE1 /* AppDelegate.swift in Sources */ = {isa = PBXBuildFile; fileRef = FF7021202B504B4A00743DE1 /* AppDelegate.swift */; };
		FF7021232B504B4A00743DE1 /* SceneDelegate.swift in Sources */ = {isa = PBXBuildFile; fileRef = FF7021222B504B4A00743DE1 /* SceneDelegate.swift */; };
		FF7021252B504B4A00743DE1 /* HomeViewController.swift in Sources */ = {isa = PBXBuildFile; fileRef = FF7021242B504B4A00743DE1 /* HomeViewController.swift */; };
		FF7021282B504B4A00743DE1 /* Main.storyboard in Resources */ = {isa = PBXBuildFile; fileRef = FF7021262B504B4A00743DE1 /* Main.storyboard */; };
		FF70212B2B504B4A00743DE1 /* Marvel.xcdatamodeld in Sources */ = {isa = PBXBuildFile; fileRef = FF7021292B504B4A00743DE1 /* Marvel.xcdatamodeld */; };
		FF70212D2B504B4C00743DE1 /* Assets.xcassets in Resources */ = {isa = PBXBuildFile; fileRef = FF70212C2B504B4C00743DE1 /* Assets.xcassets */; };
		FF7021302B504B4C00743DE1 /* LaunchScreen.storyboard in Resources */ = {isa = PBXBuildFile; fileRef = FF70212E2B504B4C00743DE1 /* LaunchScreen.storyboard */; };
		FF70213A2B504BB500743DE1 /* Alamofire in Frameworks */ = {isa = PBXBuildFile; productRef = FF7021392B504BB500743DE1 /* Alamofire */; };
		FF70213D2B504DB000743DE1 /* APIManager.swift in Sources */ = {isa = PBXBuildFile; fileRef = FF70213C2B504DB000743DE1 /* APIManager.swift */; };
		FF70213F2B5064B500743DE1 /* MD5.swift in Sources */ = {isa = PBXBuildFile; fileRef = FF70213E2B5064B500743DE1 /* MD5.swift */; };
		FF7021422B50682A00743DE1 /* CharacterRequest.swift in Sources */ = {isa = PBXBuildFile; fileRef = FF7021412B50682A00743DE1 /* CharacterRequest.swift */; };
		FF7021452B512DAB00743DE1 /* HomeViewModel.swift in Sources */ = {isa = PBXBuildFile; fileRef = FF7021442B512DAB00743DE1 /* HomeViewModel.swift */; };
		FF7021482B5139C500743DE1 /* CharacterTableViewCell.swift in Sources */ = {isa = PBXBuildFile; fileRef = FF7021462B5139C500743DE1 /* CharacterTableViewCell.swift */; };
		FF7021492B5139C500743DE1 /* CharacterTableViewCell.xib in Resources */ = {isa = PBXBuildFile; fileRef = FF7021472B5139C500743DE1 /* CharacterTableViewCell.xib */; };
		FF70214C2B513A9800743DE1 /* Kingfisher in Frameworks */ = {isa = PBXBuildFile; productRef = FF70214B2B513A9800743DE1 /* Kingfisher */; };
		FF70214E2B5188D600743DE1 /* CharacterViewController.swift in Sources */ = {isa = PBXBuildFile; fileRef = FF70214D2B5188D600743DE1 /* CharacterViewController.swift */; };
		FF7021502B52059A00743DE1 /* StartViewController.swift in Sources */ = {isa = PBXBuildFile; fileRef = FF70214F2B52059A00743DE1 /* StartViewController.swift */; };
		FF7021532B52DCA600743DE1 /* CollectionTableViewCell.swift in Sources */ = {isa = PBXBuildFile; fileRef = FF7021512B52DCA600743DE1 /* CollectionTableViewCell.swift */; };
		FF7021542B52DCA600743DE1 /* CollectionTableViewCell.xib in Resources */ = {isa = PBXBuildFile; fileRef = FF7021522B52DCA600743DE1 /* CollectionTableViewCell.xib */; };
		FF7021572B52DDFE00743DE1 /* ImageCollectionViewCell.swift in Sources */ = {isa = PBXBuildFile; fileRef = FF7021552B52DDFE00743DE1 /* ImageCollectionViewCell.swift */; };
		FF7021582B52DDFE00743DE1 /* ImageCollectionViewCell.xib in Resources */ = {isa = PBXBuildFile; fileRef = FF7021562B52DDFE00743DE1 /* ImageCollectionViewCell.xib */; };
/* End PBXBuildFile section */

/* Begin PBXFileReference section */
		FF70211D2B504B4A00743DE1 /* Marvel.app */ = {isa = PBXFileReference; explicitFileType = wrapper.application; includeInIndex = 0; path = Marvel.app; sourceTree = BUILT_PRODUCTS_DIR; };
		FF7021202B504B4A00743DE1 /* AppDelegate.swift */ = {isa = PBXFileReference; lastKnownFileType = sourcecode.swift; path = AppDelegate.swift; sourceTree = "<group>"; };
		FF7021222B504B4A00743DE1 /* SceneDelegate.swift */ = {isa = PBXFileReference; lastKnownFileType = sourcecode.swift; path = SceneDelegate.swift; sourceTree = "<group>"; };
		FF7021242B504B4A00743DE1 /* HomeViewController.swift */ = {isa = PBXFileReference; lastKnownFileType = sourcecode.swift; path = HomeViewController.swift; sourceTree = "<group>"; };
		FF7021272B504B4A00743DE1 /* Base */ = {isa = PBXFileReference; lastKnownFileType = file.storyboard; name = Base; path = Base.lproj/Main.storyboard; sourceTree = "<group>"; };
		FF70212A2B504B4A00743DE1 /* Marvel.xcdatamodel */ = {isa = PBXFileReference; lastKnownFileType = wrapper.xcdatamodel; path = Marvel.xcdatamodel; sourceTree = "<group>"; };
		FF70212C2B504B4C00743DE1 /* Assets.xcassets */ = {isa = PBXFileReference; lastKnownFileType = folder.assetcatalog; path = Assets.xcassets; sourceTree = "<group>"; };
		FF70212F2B504B4C00743DE1 /* Base */ = {isa = PBXFileReference; lastKnownFileType = file.storyboard; name = Base; path = Base.lproj/LaunchScreen.storyboard; sourceTree = "<group>"; };
		FF7021312B504B4C00743DE1 /* Info.plist */ = {isa = PBXFileReference; lastKnownFileType = text.plist.xml; path = Info.plist; sourceTree = "<group>"; };
		FF70213C2B504DB000743DE1 /* APIManager.swift */ = {isa = PBXFileReference; lastKnownFileType = sourcecode.swift; path = APIManager.swift; sourceTree = "<group>"; };
		FF70213E2B5064B500743DE1 /* MD5.swift */ = {isa = PBXFileReference; lastKnownFileType = sourcecode.swift; path = MD5.swift; sourceTree = "<group>"; };
		FF7021412B50682A00743DE1 /* CharacterRequest.swift */ = {isa = PBXFileReference; lastKnownFileType = sourcecode.swift; path = CharacterRequest.swift; sourceTree = "<group>"; };
		FF7021442B512DAB00743DE1 /* HomeViewModel.swift */ = {isa = PBXFileReference; lastKnownFileType = sourcecode.swift; path = HomeViewModel.swift; sourceTree = "<group>"; };
		FF7021462B5139C500743DE1 /* CharacterTableViewCell.swift */ = {isa = PBXFileReference; lastKnownFileType = sourcecode.swift; path = CharacterTableViewCell.swift; sourceTree = "<group>"; };
		FF7021472B5139C500743DE1 /* CharacterTableViewCell.xib */ = {isa = PBXFileReference; lastKnownFileType = file.xib; path = CharacterTableViewCell.xib; sourceTree = "<group>"; };
		FF70214D2B5188D600743DE1 /* CharacterViewController.swift */ = {isa = PBXFileReference; lastKnownFileType = sourcecode.swift; path = CharacterViewController.swift; sourceTree = "<group>"; };
		FF70214F2B52059A00743DE1 /* StartViewController.swift */ = {isa = PBXFileReference; lastKnownFileType = sourcecode.swift; path = StartViewController.swift; sourceTree = "<group>"; };
		FF7021512B52DCA600743DE1 /* CollectionTableViewCell.swift */ = {isa = PBXFileReference; lastKnownFileType = sourcecode.swift; path = CollectionTableViewCell.swift; sourceTree = "<group>"; };
		FF7021522B52DCA600743DE1 /* CollectionTableViewCell.xib */ = {isa = PBXFileReference; lastKnownFileType = file.xib; path = CollectionTableViewCell.xib; sourceTree = "<group>"; };
		FF7021552B52DDFE00743DE1 /* ImageCollectionViewCell.swift */ = {isa = PBXFileReference; lastKnownFileType = sourcecode.swift; path = ImageCollectionViewCell.swift; sourceTree = "<group>"; };
		FF7021562B52DDFE00743DE1 /* ImageCollectionViewCell.xib */ = {isa = PBXFileReference; lastKnownFileType = file.xib; path = ImageCollectionViewCell.xib; sourceTree = "<group>"; };
/* End PBXFileReference section */

/* Begin PBXFrameworksBuildPhase section */
		FF70211A2B504B4A00743DE1 /* Frameworks */ = {
			isa = PBXFrameworksBuildPhase;
			buildActionMask = 2147483647;
			files = (
				FF70214C2B513A9800743DE1 /* Kingfisher in Frameworks */,
				FF70213A2B504BB500743DE1 /* Alamofire in Frameworks */,
			);
			runOnlyForDeploymentPostprocessing = 0;
		};
/* End PBXFrameworksBuildPhase section */

/* Begin PBXGroup section */
		FF7021142B504B4A00743DE1 = {
			isa = PBXGroup;
			children = (
				FF70211F2B504B4A00743DE1 /* Marvel */,
				FF70211E2B504B4A00743DE1 /* Products */,
			);
			sourceTree = "<group>";
		};
		FF70211E2B504B4A00743DE1 /* Products */ = {
			isa = PBXGroup;
			children = (
				FF70211D2B504B4A00743DE1 /* Marvel.app */,
			);
			name = Products;
			sourceTree = "<group>";
		};
		FF70211F2B504B4A00743DE1 /* Marvel */ = {
			isa = PBXGroup;
			children = (
				FF7021432B512D7200743DE1 /* ViewModels */,
				FF7021402B50680F00743DE1 /* Models */,
				FF70213B2B504D8400743DE1 /* Managers */,
				FF7021372B504B7300743DE1 /* Delegates */,
				FF7021242B504B4A00743DE1 /* HomeViewController.swift */,
				FF7021262B504B4A00743DE1 /* Main.storyboard */,
				FF70212C2B504B4C00743DE1 /* Assets.xcassets */,
				FF70212E2B504B4C00743DE1 /* LaunchScreen.storyboard */,
				FF7021312B504B4C00743DE1 /* Info.plist */,
				FF7021292B504B4A00743DE1 /* Marvel.xcdatamodeld */,
				FF7021462B5139C500743DE1 /* CharacterTableViewCell.swift */,
				FF7021472B5139C500743DE1 /* CharacterTableViewCell.xib */,
				FF70214D2B5188D600743DE1 /* CharacterViewController.swift */,
				FF70214F2B52059A00743DE1 /* StartViewController.swift */,
				FF7021512B52DCA600743DE1 /* CollectionTableViewCell.swift */,
				FF7021522B52DCA600743DE1 /* CollectionTableViewCell.xib */,
				FF7021552B52DDFE00743DE1 /* ImageCollectionViewCell.swift */,
				FF7021562B52DDFE00743DE1 /* ImageCollectionViewCell.xib */,
			);
			path = Marvel;
			sourceTree = "<group>";
		};
		FF7021372B504B7300743DE1 /* Delegates */ = {
			isa = PBXGroup;
			children = (
				FF7021222B504B4A00743DE1 /* SceneDelegate.swift */,
				FF7021202B504B4A00743DE1 /* AppDelegate.swift */,
			);
			path = Delegates;
			sourceTree = "<group>";
		};
		FF70213B2B504D8400743DE1 /* Managers */ = {
			isa = PBXGroup;
			children = (
				FF70213C2B504DB000743DE1 /* APIManager.swift */,
				FF70213E2B5064B500743DE1 /* MD5.swift */,
			);
			path = Managers;
			sourceTree = "<group>";
		};
		FF7021402B50680F00743DE1 /* Models */ = {
			isa = PBXGroup;
			children = (
				FF7021412B50682A00743DE1 /* CharacterRequest.swift */,
			);
			path = Models;
			sourceTree = "<group>";
		};
		FF7021432B512D7200743DE1 /* ViewModels */ = {
			isa = PBXGroup;
			children = (
				FF7021442B512DAB00743DE1 /* HomeViewModel.swift */,
			);
			path = ViewModels;
			sourceTree = "<group>";
		};
/* End PBXGroup section */

/* Begin PBXNativeTarget section */
		FF70211C2B504B4A00743DE1 /* Marvel */ = {
			isa = PBXNativeTarget;
			buildConfigurationList = FF7021342B504B4C00743DE1 /* Build configuration list for PBXNativeTarget "Marvel" */;
			buildPhases = (
				FF7021192B504B4A00743DE1 /* Sources */,
				FF70211A2B504B4A00743DE1 /* Frameworks */,
				FF70211B2B504B4A00743DE1 /* Resources */,
			);
			buildRules = (
			);
			dependencies = (
			);
			name = Marvel;
			packageProductDependencies = (
				FF7021392B504BB500743DE1 /* Alamofire */,
				FF70214B2B513A9800743DE1 /* Kingfisher */,
			);
			productName = Marvel;
			productReference = FF70211D2B504B4A00743DE1 /* Marvel.app */;
			productType = "com.apple.product-type.application";
		};
/* End PBXNativeTarget section */

/* Begin PBXProject section */
		FF7021152B504B4A00743DE1 /* Project object */ = {
			isa = PBXProject;
			attributes = {
				BuildIndependentTargetsInParallel = 1;
				LastSwiftUpdateCheck = 1430;
				LastUpgradeCheck = 1430;
				TargetAttributes = {
					FF70211C2B504B4A00743DE1 = {
						CreatedOnToolsVersion = 14.3.1;
					};
				};
			};
			buildConfigurationList = FF7021182B504B4A00743DE1 /* Build configuration list for PBXProject "Marvel" */;
			compatibilityVersion = "Xcode 13.0";
			developmentRegion = en;
			hasScannedForEncodings = 0;
			knownRegions = (
				en,
				Base,
			);
			mainGroup = FF7021142B504B4A00743DE1;
			packageReferences = (
				FF7021382B504BB500743DE1 /* XCRemoteSwiftPackageReference "Alamofire" */,
				FF70214A2B513A9800743DE1 /* XCRemoteSwiftPackageReference "Kingfisher" */,
			);
			productRefGroup = FF70211E2B504B4A00743DE1 /* Products */;
			projectDirPath = "";
			projectRoot = "";
			targets = (
				FF70211C2B504B4A00743DE1 /* Marvel */,
			);
		};
/* End PBXProject section */

/* Begin PBXResourcesBuildPhase section */
		FF70211B2B504B4A00743DE1 /* Resources */ = {
			isa = PBXResourcesBuildPhase;
			buildActionMask = 2147483647;
			files = (
				FF7021542B52DCA600743DE1 /* CollectionTableViewCell.xib in Resources */,
				FF7021302B504B4C00743DE1 /* LaunchScreen.storyboard in Resources */,
				FF70212D2B504B4C00743DE1 /* Assets.xcassets in Resources */,
				FF7021282B504B4A00743DE1 /* Main.storyboard in Resources */,
				FF7021582B52DDFE00743DE1 /* ImageCollectionViewCell.xib in Resources */,
				FF7021492B5139C500743DE1 /* CharacterTableViewCell.xib in Resources */,
			);
			runOnlyForDeploymentPostprocessing = 0;
		};
/* End PBXResourcesBuildPhase section */

/* Begin PBXSourcesBuildPhase section */
		FF7021192B504B4A00743DE1 /* Sources */ = {
			isa = PBXSourcesBuildPhase;
			buildActionMask = 2147483647;
			files = (
				FF7021252B504B4A00743DE1 /* HomeViewController.swift in Sources */,
				FF7021212B504B4A00743DE1 /* AppDelegate.swift in Sources */,
				FF7021572B52DDFE00743DE1 /* ImageCollectionViewCell.swift in Sources */,
				FF7021482B5139C500743DE1 /* CharacterTableViewCell.swift in Sources */,
				FF70213F2B5064B500743DE1 /* MD5.swift in Sources */,
				FF7021452B512DAB00743DE1 /* HomeViewModel.swift in Sources */,
				FF7021502B52059A00743DE1 /* StartViewController.swift in Sources */,
				FF70213D2B504DB000743DE1 /* APIManager.swift in Sources */,
				FF7021532B52DCA600743DE1 /* CollectionTableViewCell.swift in Sources */,
				FF70214E2B5188D600743DE1 /* CharacterViewController.swift in Sources */,
				FF70212B2B504B4A00743DE1 /* Marvel.xcdatamodeld in Sources */,
				FF7021422B50682A00743DE1 /* CharacterRequest.swift in Sources */,
				FF7021232B504B4A00743DE1 /* SceneDelegate.swift in Sources */,
			);
			runOnlyForDeploymentPostprocessing = 0;
		};
/* End PBXSourcesBuildPhase section */

/* Begin PBXVariantGroup section */
		FF7021262B504B4A00743DE1 /* Main.storyboard */ = {
			isa = PBXVariantGroup;
			children = (
				FF7021272B504B4A00743DE1 /* Base */,
			);
			name = Main.storyboard;
			sourceTree = "<group>";
		};
		FF70212E2B504B4C00743DE1 /* LaunchScreen.storyboard */ = {
			isa = PBXVariantGroup;
			children = (
				FF70212F2B504B4C00743DE1 /* Base */,
			);
			name = LaunchScreen.storyboard;
			sourceTree = "<group>";
		};
/* End PBXVariantGroup section */

/* Begin XCBuildConfiguration section */
		FF7021322B504B4C00743DE1 /* Debug */ = {
			isa = XCBuildConfiguration;
			buildSettings = {
				ALWAYS_SEARCH_USER_PATHS = NO;
				CLANG_ANALYZER_NONNULL = YES;
				CLANG_ANALYZER_NUMBER_OBJECT_CONVERSION = YES_AGGRESSIVE;
				CLANG_CXX_LANGUAGE_STANDARD = "gnu++20";
				CLANG_ENABLE_MODULES = YES;
				CLANG_ENABLE_OBJC_ARC = YES;
				CLANG_ENABLE_OBJC_WEAK = YES;
				CLANG_WARN_BLOCK_CAPTURE_AUTORELEASING = YES;
				CLANG_WARN_BOOL_CONVERSION = YES;
				CLANG_WARN_COMMA = YES;
				CLANG_WARN_CONSTANT_CONVERSION = YES;
				CLANG_WARN_DEPRECATED_OBJC_IMPLEMENTATIONS = YES;
				CLANG_WARN_DIRECT_OBJC_ISA_USAGE = YES_ERROR;
				CLANG_WARN_DOCUMENTATION_COMMENTS = YES;
				CLANG_WARN_EMPTY_BODY = YES;
				CLANG_WARN_ENUM_CONVERSION = YES;
				CLANG_WARN_INFINITE_RECURSION = YES;
				CLANG_WARN_INT_CONVERSION = YES;
				CLANG_WARN_NON_LITERAL_NULL_CONVERSION = YES;
				CLANG_WARN_OBJC_IMPLICIT_RETAIN_SELF = YES;
				CLANG_WARN_OBJC_LITERAL_CONVERSION = YES;
				CLANG_WARN_OBJC_ROOT_CLASS = YES_ERROR;
				CLANG_WARN_QUOTED_INCLUDE_IN_FRAMEWORK_HEADER = YES;
				CLANG_WARN_RANGE_LOOP_ANALYSIS = YES;
				CLANG_WARN_STRICT_PROTOTYPES = YES;
				CLANG_WARN_SUSPICIOUS_MOVE = YES;
				CLANG_WARN_UNGUARDED_AVAILABILITY = YES_AGGRESSIVE;
				CLANG_WARN_UNREACHABLE_CODE = YES;
				CLANG_WARN__DUPLICATE_METHOD_MATCH = YES;
				COPY_PHASE_STRIP = NO;
				DEBUG_INFORMATION_FORMAT = dwarf;
				ENABLE_STRICT_OBJC_MSGSEND = YES;
				ENABLE_TESTABILITY = YES;
				GCC_C_LANGUAGE_STANDARD = gnu11;
				GCC_DYNAMIC_NO_PIC = NO;
				GCC_NO_COMMON_BLOCKS = YES;
				GCC_OPTIMIZATION_LEVEL = 0;
				GCC_PREPROCESSOR_DEFINITIONS = (
					"DEBUG=1",
					"$(inherited)",
				);
				GCC_WARN_64_TO_32_BIT_CONVERSION = YES;
				GCC_WARN_ABOUT_RETURN_TYPE = YES_ERROR;
				GCC_WARN_UNDECLARED_SELECTOR = YES;
				GCC_WARN_UNINITIALIZED_AUTOS = YES_AGGRESSIVE;
				GCC_WARN_UNUSED_FUNCTION = YES;
				GCC_WARN_UNUSED_VARIABLE = YES;
				IPHONEOS_DEPLOYMENT_TARGET = 16.4;
				MTL_ENABLE_DEBUG_INFO = INCLUDE_SOURCE;
				MTL_FAST_MATH = YES;
				ONLY_ACTIVE_ARCH = YES;
				SDKROOT = iphoneos;
				SWIFT_ACTIVE_COMPILATION_CONDITIONS = DEBUG;
				SWIFT_OPTIMIZATION_LEVEL = "-Onone";
			};
			name = Debug;
		};
		FF7021332B504B4C00743DE1 /* Release */ = {
			isa = XCBuildConfiguration;
			buildSettings = {
				ALWAYS_SEARCH_USER_PATHS = NO;
				CLANG_ANALYZER_NONNULL = YES;
				CLANG_ANALYZER_NUMBER_OBJECT_CONVERSION = YES_AGGRESSIVE;
				CLANG_CXX_LANGUAGE_STANDARD = "gnu++20";
				CLANG_ENABLE_MODULES = YES;
				CLANG_ENABLE_OBJC_ARC = YES;
				CLANG_ENABLE_OBJC_WEAK = YES;
				CLANG_WARN_BLOCK_CAPTURE_AUTORELEASING = YES;
				CLANG_WARN_BOOL_CONVERSION = YES;
				CLANG_WARN_COMMA = YES;
				CLANG_WARN_CONSTANT_CONVERSION = YES;
				CLANG_WARN_DEPRECATED_OBJC_IMPLEMENTATIONS = YES;
				CLANG_WARN_DIRECT_OBJC_ISA_USAGE = YES_ERROR;
				CLANG_WARN_DOCUMENTATION_COMMENTS = YES;
				CLANG_WARN_EMPTY_BODY = YES;
				CLANG_WARN_ENUM_CONVERSION = YES;
				CLANG_WARN_INFINITE_RECURSION = YES;
				CLANG_WARN_INT_CONVERSION = YES;
				CLANG_WARN_NON_LITERAL_NULL_CONVERSION = YES;
				CLANG_WARN_OBJC_IMPLICIT_RETAIN_SELF = YES;
				CLANG_WARN_OBJC_LITERAL_CONVERSION = YES;
				CLANG_WARN_OBJC_ROOT_CLASS = YES_ERROR;
				CLANG_WARN_QUOTED_INCLUDE_IN_FRAMEWORK_HEADER = YES;
				CLANG_WARN_RANGE_LOOP_ANALYSIS = YES;
				CLANG_WARN_STRICT_PROTOTYPES = YES;
				CLANG_WARN_SUSPICIOUS_MOVE = YES;
				CLANG_WARN_UNGUARDED_AVAILABILITY = YES_AGGRESSIVE;
				CLANG_WARN_UNREACHABLE_CODE = YES;
				CLANG_WARN__DUPLICATE_METHOD_MATCH = YES;
				COPY_PHASE_STRIP = NO;
				DEBUG_INFORMATION_FORMAT = "dwarf-with-dsym";
				ENABLE_NS_ASSERTIONS = NO;
				ENABLE_STRICT_OBJC_MSGSEND = YES;
				GCC_C_LANGUAGE_STANDARD = gnu11;
				GCC_NO_COMMON_BLOCKS = YES;
				GCC_WARN_64_TO_32_BIT_CONVERSION = YES;
				GCC_WARN_ABOUT_RETURN_TYPE = YES_ERROR;
				GCC_WARN_UNDECLARED_SELECTOR = YES;
				GCC_WARN_UNINITIALIZED_AUTOS = YES_AGGRESSIVE;
				GCC_WARN_UNUSED_FUNCTION = YES;
				GCC_WARN_UNUSED_VARIABLE = YES;
				IPHONEOS_DEPLOYMENT_TARGET = 16.4;
				MTL_ENABLE_DEBUG_INFO = NO;
				MTL_FAST_MATH = YES;
				SDKROOT = iphoneos;
				SWIFT_COMPILATION_MODE = wholemodule;
				SWIFT_OPTIMIZATION_LEVEL = "-O";
				VALIDATE_PRODUCT = YES;
			};
			name = Release;
		};
		FF7021352B504B4C00743DE1 /* Debug */ = {
			isa = XCBuildConfiguration;
			buildSettings = {
				ASSETCATALOG_COMPILER_APPICON_NAME = AppIcon;
				ASSETCATALOG_COMPILER_GLOBAL_ACCENT_COLOR_NAME = AccentColor;
				CODE_SIGN_STYLE = Automatic;
				CURRENT_PROJECT_VERSION = 1;
				DEVELOPMENT_TEAM = RASAVKU28M;
				GENERATE_INFOPLIST_FILE = YES;
				INFOPLIST_FILE = Marvel/Info.plist;
				INFOPLIST_KEY_UIApplicationSupportsIndirectInputEvents = YES;
				INFOPLIST_KEY_UILaunchStoryboardName = LaunchScreen;
				INFOPLIST_KEY_UIMainStoryboardFile = Main;
				INFOPLIST_KEY_UISupportedInterfaceOrientations_iPad = "UIInterfaceOrientationPortrait UIInterfaceOrientationPortraitUpsideDown UIInterfaceOrientationLandscapeLeft UIInterfaceOrientationLandscapeRight";
				INFOPLIST_KEY_UISupportedInterfaceOrientations_iPhone = "UIInterfaceOrientationPortrait UIInterfaceOrientationLandscapeLeft UIInterfaceOrientationLandscapeRight";
				LD_RUNPATH_SEARCH_PATHS = (
					"$(inherited)",
					"@executable_path/Frameworks",
				);
				MARKETING_VERSION = 1.0;
				PRODUCT_BUNDLE_IDENTIFIER = shaarawy.Marvel;
				PRODUCT_NAME = "$(TARGET_NAME)";
				SWIFT_EMIT_LOC_STRINGS = YES;
				SWIFT_VERSION = 5.0;
				TARGETED_DEVICE_FAMILY = "1,2";
			};
			name = Debug;
		};
		FF7021362B504B4C00743DE1 /* Release */ = {
			isa = XCBuildConfiguration;
			buildSettings = {
				ASSETCATALOG_COMPILER_APPICON_NAME = AppIcon;
				ASSETCATALOG_COMPILER_GLOBAL_ACCENT_COLOR_NAME = AccentColor;
				CODE_SIGN_STYLE = Automatic;
				CURRENT_PROJECT_VERSION = 1;
				DEVELOPMENT_TEAM = RASAVKU28M;
				GENERATE_INFOPLIST_FILE = YES;
				INFOPLIST_FILE = Marvel/Info.plist;
				INFOPLIST_KEY_UIApplicationSupportsIndirectInputEvents = YES;
				INFOPLIST_KEY_UILaunchStoryboardName = LaunchScreen;
				INFOPLIST_KEY_UIMainStoryboardFile = Main;
				INFOPLIST_KEY_UISupportedInterfaceOrientations_iPad = "UIInterfaceOrientationPortrait UIInterfaceOrientationPortraitUpsideDown UIInterfaceOrientationLandscapeLeft UIInterfaceOrientationLandscapeRight";
				INFOPLIST_KEY_UISupportedInterfaceOrientations_iPhone = "UIInterfaceOrientationPortrait UIInterfaceOrientationLandscapeLeft UIInterfaceOrientationLandscapeRight";
				LD_RUNPATH_SEARCH_PATHS = (
					"$(inherited)",
					"@executable_path/Frameworks",
				);
				MARKETING_VERSION = 1.0;
				PRODUCT_BUNDLE_IDENTIFIER = shaarawy.Marvel;
				PRODUCT_NAME = "$(TARGET_NAME)";
				SWIFT_EMIT_LOC_STRINGS = YES;
				SWIFT_VERSION = 5.0;
				TARGETED_DEVICE_FAMILY = "1,2";
			};
			name = Release;
		};
/* End XCBuildConfiguration section */

/* Begin XCConfigurationList section */
		FF7021182B504B4A00743DE1 /* Build configuration list for PBXProject "Marvel" */ = {
			isa = XCConfigurationList;
			buildConfigurations = (
				FF7021322B504B4C00743DE1 /* Debug */,
				FF7021332B504B4C00743DE1 /* Release */,
			);
			defaultConfigurationIsVisible = 0;
			defaultConfigurationName = Release;
		};
		FF7021342B504B4C00743DE1 /* Build configuration list for PBXNativeTarget "Marvel" */ = {
			isa = XCConfigurationList;
			buildConfigurations = (
				FF7021352B504B4C00743DE1 /* Debug */,
				FF7021362B504B4C00743DE1 /* Release */,
			);
			defaultConfigurationIsVisible = 0;
			defaultConfigurationName = Release;
		};
/* End XCConfigurationList section */

/* Begin XCRemoteSwiftPackageReference section */
		FF7021382B504BB500743DE1 /* XCRemoteSwiftPackageReference "Alamofire" */ = {
			isa = XCRemoteSwiftPackageReference;
			repositoryURL = "https://github.com/Alamofire/Alamofire.git";
			requirement = {
				kind = upToNextMajorVersion;
				minimumVersion = 5.0.0;
			};
		};
		FF70214A2B513A9800743DE1 /* XCRemoteSwiftPackageReference "Kingfisher" */ = {
			isa = XCRemoteSwiftPackageReference;
			repositoryURL = "https://github.com/onevcat/Kingfisher.git";
			requirement = {
				kind = upToNextMajorVersion;
				minimumVersion = 7.0.0;
			};
		};
/* End XCRemoteSwiftPackageReference section */

/* Begin XCSwiftPackageProductDependency section */
		FF7021392B504BB500743DE1 /* Alamofire */ = {
			isa = XCSwiftPackageProductDependency;
			package = FF7021382B504BB500743DE1 /* XCRemoteSwiftPackageReference "Alamofire" */;
			productName = Alamofire;
		};
		FF70214B2B513A9800743DE1 /* Kingfisher */ = {
			isa = XCSwiftPackageProductDependency;
			package = FF70214A2B513A9800743DE1 /* XCRemoteSwiftPackageReference "Kingfisher" */;
			productName = Kingfisher;
		};
/* End XCSwiftPackageProductDependency section */

/* Begin XCVersionGroup section */
		FF7021292B504B4A00743DE1 /* Marvel.xcdatamodeld */ = {
			isa = XCVersionGroup;
			children = (
				FF70212A2B504B4A00743DE1 /* Marvel.xcdatamodel */,
			);
			currentVersion = FF70212A2B504B4A00743DE1 /* Marvel.xcdatamodel */;
			path = Marvel.xcdatamodeld;
			sourceTree = "<group>";
			versionGroupType = wrapper.xcdatamodel;
		};
/* End XCVersionGroup section */
	};
	rootObject = FF7021152B504B4A00743DE1 /* Project object */;
}
